prepare:
  cmd: python3 scripts/prepare.py
  deps:
  - path: scripts/prepare.py
    md5: f7a0b62c9d645317be3dc601cd5e4e8c
    size: 1692
  - path: workdir/training_images/not_worn/
    md5: 9cbf2627f16a7fc88ab0ad5c86db3871.dir
    size: 18872930
    nfiles: 148
  - path: workdir/training_images/worn/
    md5: bb47258f0ce369e1602b0ba19af22519.dir
    size: 47718388
    nfiles: 311
  outs:
  - path: workdir/test_features.npy
    md5: d8d513cb37c333dd35d47a6f75c0af1e
    size: 9044096
  - path: workdir/test_labels.npy
    md5: f21f88124f3410532383ceed3de13852
    size: 496
  - path: workdir/train_features.npy
    md5: 13e5f9a362730fa708cd0f2f313d76c3
    size: 81199232
  - path: workdir/train_labels.npy
    md5: 14fe95857525ef215e2e23cc8ca6671c
    size: 3432
train:
  cmd: python3 scripts/train.py
  deps:
  - path: workdir/train_features.npy
    md5: 13e5f9a362730fa708cd0f2f313d76c3
    size: 81199232
  - path: workdir/train_labels.npy
    md5: 14fe95857525ef215e2e23cc8ca6671c
    size: 3432
  params:
    params.yaml:
      train.classifier__C: 4.173106293191033
      train.classifier__gamma: 0.23475931378300663
      train.classifier__kernel: linear
      train.pca__kernel: rbf
      train.pca__n_components: 321
      train.pca__rbf_gamma: 0.9682615757193975
      train.use_pca: false
      train.use_scaler: true
  outs:
  - path: workdir/model.joblib
    md5: 481ced9ac4d1a41db40b22af70620e15
    size: 143134119
evaluate:
  cmd: python3 scripts/evaluate.py
  deps:
  - path: workdir/model.joblib
    md5: 481ced9ac4d1a41db40b22af70620e15
    size: 143134119
  - path: workdir/test_features.npy
    md5: d8d513cb37c333dd35d47a6f75c0af1e
    size: 9044096
  - path: workdir/test_labels.npy
    md5: f21f88124f3410532383ceed3de13852
    size: 496
  outs:
  - path: workdir/model_test_confusion.png
    md5: 6d55be628df816bee856e6b3646fd996
    size: 8778
  - path: workdir/model_test_results.csv
    md5: 690c448ce45f8ab313a865db58b89f23
    size: 108
